
Microsoft Visual Studio Solution File, Format Version 12.00
Project("{FAE04EC0-301F-11D3-BF4B-00C04F79EFBC}") = "Publisher", "Publisher\Publisher.csproj", "{5FE11377-0F30-4546-94F7-CEDA5F1FCA93}"
EndProject
Project("{FAE04EC0-301F-11D3-BF4B-00C04F79EFBC}") = "Subscriber", "Subscriber\Subscriber.csproj", "{31654789-ABDD-49A7-AB7A-65F68C597388}"
EndProject
Global
	GlobalSection(SolutionConfigurationPlatforms) = preSolution
		Debug|Any CPU = Debug|Any CPU
		Release|Any CPU = Release|Any CPU
	EndGlobalSection
	GlobalSection(ProjectConfigurationPlatforms) = postSolution
		{5FE11377-0F30-4546-94F7-CEDA5F1FCA93}.Debug|Any CPU.ActiveCfg = Debug|Any CPU
		{5FE11377-0F30-4546-94F7-CEDA5F1FCA93}.Debug|Any CPU.Build.0 = Debug|Any CPU
		{5FE11377-0F30-4546-94F7-CEDA5F1FCA93}.Release|Any CPU.ActiveCfg = Release|Any CPU
		{5FE11377-0F30-4546-94F7-CEDA5F1FCA93}.Release|Any CPU.Build.0 = Release|Any CPU
		{31654789-ABDD-49A7-AB7A-65F68C597388}.Debug|Any CPU.ActiveCfg = Debug|Any CPU
		{31654789-ABDD-49A7-AB7A-65F68C597388}.Debug|Any CPU.Build.0 = Debug|Any CPU
		{31654789-ABDD-49A7-AB7A-65F68C597388}.Release|Any CPU.ActiveCfg = Release|Any CPU
		{31654789-ABDD-49A7-AB7A-65F68C597388}.Release|Any CPU.Build.0 = Release|Any CPU
	EndGlobalSection
EndGlobal
